// !$*UTF8*$!
{
	archiveVersion = 1;
	classes = {
	};
	objectVersion = 77;
	objects = {

/* Begin PBXContainerItemProxy section */
		239CC2732FEE13F80088830F /* PBXContainerItemProxy */ = {
			isa = PBXContainerItemProxy;
			containerPortal = 239CC2492FEE0DB70088830F /* Project object */;
			proxyType = 1;
			remoteGlobalIDString = 239CC2502FEE0DB70088830F;
			remoteInfo = "brew-helper";
		};
		239CC2822FEE140B0088830F /* PBXContainerItemProxy */ = {
			isa = PBXContainerItemProxy;
			containerPortal = 239CC2492FEE0DB70088830F /* Project object */;
			proxyType = 1;
			remoteGlobalIDString = 239CC2502FEE0DB70088830F;
			remoteInfo = "brew-helper";
		};
/* End PBXContainerItemProxy section */

/* Begin PBXFileReference section */
		239CC2512FEE0DB70088830F /* brew-helper.app */ = {isa = PBXFileReference; explicitFileType = wrapper.application; includeInIndex = 0; path = "brew-helper.app"; sourceTree = BUILT_PRODUCTS_DIR; };
		239CC26F2FEE13F80088830F /* brew-helperTests.xctest */ = {isa = PBXFileReference; explicitFileType = wrapper.cfbundle; includeInIndex = 0; path = "brew-helperTests.xctest"; sourceTree = BUILT_PRODUCTS_DIR; };
		239CC27C2FEE140B0088830F /* brew-helperUITests.xctest */ = {isa = PBXFileReference; explicitFileType = wrapper.cfbundle; includeInIndex = 0; path = "brew-helperUITests.xctest"; sourceTree = BUILT_PRODUCTS_DIR; };
/* End PBXFileReference section */

/* Begin PBXFileSystemSynchronizedRootGroup section */
		239CC2532FEE0DB70088830F /* brew-helper */ = {
			isa = PBXFileSystemSynchronizedRootGroup;
			path = "brew-helper";
			sourceTree = "<group>";
		};
		239CC2702FEE13F80088830F /* brew-helperTests */ = {
			isa = PBXFileSystemSynchronizedRootGroup;
			path = "brew-helperTests";
			sourceTree = "<group>";
		};
		239CC27D2FEE140B0088830F /* brew-helperUITests */ = {
			isa = PBXFileSystemSynchronizedRootGroup;
			path = "brew-helperUITests";
			sourceTree = "<group>";
		};
/* End PBXFileSystemSynchronizedRootGroup section */

/* Begin PBXFrameworksBuildPhase section */
		239CC24E2FEE0DB70088830F /* Frameworks */ = {
			isa = PBXFrameworksBuildPhase;
			buildActionMask = 2147483647;
			files = (
			);
			runOnlyForDeploymentPostprocessing = 0;
		};
		239CC26C2FEE13F80088830F /* Frameworks */ = {
			isa = PBXFrameworksBuildPhase;
			buildActionMask = 2147483647;
			files = (
			);
			runOnlyForDeploymentPostprocessing = 0;
		};
		239CC2792FEE140B0088830F /* Frameworks */ = {
			isa = PBXFrameworksBuildPhase;
			buildActionMask = 2147483647;
			files = (
			);
			runOnlyForDeploymentPostprocessing = 0;
		};
/* End PBXFrameworksBuildPhase section */

/* Begin PBXGroup section */
		239CC2482FEE0DB70088830F = {
			isa = PBXGroup;
			children = (
				239CC2532FEE0DB70088830F /* brew-helper */,
				239CC2702FEE13F80088830F /* brew-helperTests */,
				239CC27D2FEE140B0088830F /* brew-helperUITests */,
				239CC2522FEE0DB70088830F /* Products */,
			);
			sourceTree = "<group>";
		};
		239CC2522FEE0DB70088830F /* Products */ = {
			isa = PBXGroup;
			children = (
				239CC2512FEE0DB70088830F /* brew-helper.app */,
				239CC26F2FEE13F80088830F /* brew-helperTests.xctest */,
				239CC27C2FEE140B0088830F /* brew-helperUITests.xctest */,
			);
			name = Products;
			sourceTree = "<group>";
		};
/* End PBXGroup section */

/* Begin PBXNativeTarget section */
		239CC2502FEE0DB70088830F /* brew-helper */ = {
			isa = PBXNativeTarget;
			buildConfigurationList = 239CC25C2FEE0DB80088830F /* Build configuration list for PBXNativeTarget "brew-helper" */;
			buildPhases = (
				239CC24D2FEE0DB70088830F /* Sources */,
				239CC24E2FEE0DB70088830F /* Frameworks */,
				239CC24F2FEE0DB70088830F /* Resources */,
			);
			buildRules = (
			);
			dependencies = (
			);
			fileSystemSynchronizedGroups = (
				239CC2532FEE0DB70088830F /* brew-helper */,
			);
			name = "brew-helper";
			packageProductDependencies = (
			);
			productName = "brew-helper";
			productReference = 239CC2512FEE0DB70088830F /* brew-helper.app */;
			productType = "com.apple.product-type.application";
		};
		239CC26E2FEE13F80088830F /* brew-helperTests */ = {
			isa = PBXNativeTarget;
			buildConfigurationList = 239CC2752FEE13F80088830F /* Build configuration list for PBXNativeTarget "brew-helperTests" */;
			buildPhases = (
				239CC26B2FEE13F80088830F /* Sources */,
				239CC26C2FEE13F80088830F /* Frameworks */,
				239CC26D2FEE13F80088830F /* Resources */,
			);
			buildRules = (
			);
			dependencies = (
				239CC2742FEE13F80088830F /* PBXTargetDependency */,
			);
			fileSystemSynchronizedGroups = (
				239CC2702FEE13F80088830F /* brew-helperTests */,
			);
			name = "brew-helperTests";
			packageProductDependencies = (
			);
			productName = "brew-helperTests";
			productReference = 239CC26F2FEE13F80088830F /* brew-helperTests.xctest */;
			productType = "com.apple.product-type.bundle.unit-test";
		};
		239CC27B2FEE140B0088830F /* brew-helperUITests */ = {
			isa = PBXNativeTarget;
			buildConfigurationList = 239CC2842FEE140B0088830F /* Build configuration list for PBXNativeTarget "brew-helperUITests" */;
			buildPhases = (
				239CC2782FEE140B0088830F /* Sources */,
				239CC2792FEE140B0088830F /* Frameworks */,
				239CC27A2FEE140B0088830F /* Resources */,
			);
			buildRules = (
			);
			dependencies = (
				239CC2832FEE140B0088830F /* PBXTargetDependency */,
			);
			fileSystemSynchronizedGroups = (
				239CC27D2FEE140B0088830F /* brew-helperUITests */,
			);
			name = "brew-helperUITests";
			packageProductDependencies = (
			);
			productName = "brew-helperUITests";
			productReference = 239CC27C2FEE140B0088830F /* brew-helperUITests.xctest */;
			productType = "com.apple.product-type.bundle.ui-testing";
		};
/* End PBXNativeTarget section */

/* Begin PBXProject section */
		239CC2492FEE0DB70088830F /* Project object */ = {
			isa = PBXProject;
			attributes = {
				BuildIndependentTargetsInParallel = 1;
				LastSwiftUpdateCheck = 2650;
				LastUpgradeCheck = 2650;
				TargetAttributes = {
					239CC2502FEE0DB70088830F = {
						CreatedOnToolsVersion = 26.5;
					};
					239CC26E2FEE13F80088830F = {
						CreatedOnToolsVersion = 26.5;
						TestTargetID = 239CC2502FEE0DB70088830F;
					};
					239CC27B2FEE140B0088830F = {
						CreatedOnToolsVersion = 26.5;
						TestTargetID = 239CC2502FEE0DB70088830F;
					};
				};
			};
			buildConfigurationList = 239CC24C2FEE0DB70088830F /* Build configuration list for PBXProject "brew-helper" */;
			developmentRegion = en;
			hasScannedForEncodings = 0;
			knownRegions = (
				en,
				Base,
			);
			mainGroup = 239CC2482FEE0DB70088830F;
			minimizedProjectReferenceProxies = 1;
			preferredProjectObjectVersion = 77;
			productRefGroup = 239CC2522FEE0DB70088830F /* Products */;
			projectDirPath = "";
			projectRoot = "";
			targets = (
				239CC2502FEE0DB70088830F /* brew-helper */,
				239CC26E2FEE13F80088830F /* brew-helperTests */,
				239CC27B2FEE140B0088830F /* brew-helperUITests */,
			);
		};
/* End PBXProject section */

/* Begin PBXResourcesBuildPhase section */
		239CC24F2FEE0DB70088830F /* Resources */ = {
			isa = PBXResourcesBuildPhase;
			buildActionMask = 2147483647;
			files = (
			);
			runOnlyForDeploymentPostprocessing = 0;
		};
		239CC26D2FEE13F80088830F /* Resources */ = {
			isa = PBXResourcesBuildPhase;
			buildActionMask = 2147483647;
			files = (
			);
			runOnlyForDeploymentPostprocessing = 0;
		};
		239CC27A2FEE140B0088830F /* Resources */ = {
			isa = PBXResourcesBuildPhase;
			buildActionMask = 2147483647;
			files = (
			);
			runOnlyForDeploymentPostprocessing = 0;
		};
/* End PBXResourcesBuildPhase section */

/* Begin PBXSourcesBuildPhase section */
		239CC24D2FEE0DB70088830F /* Sources */ = {
			isa = PBXSourcesBuildPhase;
			buildActionMask = 2147483647;
			files = (
			);
			runOnlyForDeploymentPostprocessing = 0;
		};
		239CC26B2FEE13F80088830F /* Sources */ = {
			isa = PBXSourcesBuildPhase;
			buildActionMask = 2147483647;
			files = (
			);
			runOnlyForDeploymentPostprocessing = 0;
		};
		239CC2782FEE140B0088830F /* Sources */ = {
			isa = PBXSourcesBuildPhase;
			buildActionMask = 2147483647;
			files = (
			);
			runOnlyForDeploymentPostprocessing = 0;
		};
/* End PBXSourcesBuildPhase section */

/* Begin PBXTargetDependency section */
		239CC2742FEE13F80088830F /* PBXTargetDependency */ = {
			isa = PBXTargetDependency;
			target = 239CC2502FEE0DB70088830F /* brew-helper */;
			targetProxy = 239CC2732FEE13F80088830F /* PBXContainerItemProxy */;
		};
		239CC2832FEE140B0088830F /* PBXTargetDependency */ = {
			isa = PBXTargetDependency;
			target = 239CC2502FEE0DB70088830F /* brew-helper */;
			targetProxy = 239CC2822FEE140B0088830F /* PBXContainerItemProxy */;
		};
/* End PBXTargetDependency section */

/* Begin XCBuildConfiguration section */
		239CC25A2FEE0DB80088830F /* Debug */ = {
			isa = XCBuildConfiguration;
			buildSettings = {
				ALWAYS_SEARCH_USER_PATHS = NO;
				ASSETCATALOG_COMPILER_GENERATE_SWIFT_ASSET_SYMBOL_EXTENSIONS = YES;
				CLANG_ANALYZER_NONNULL = YES;
				CLANG_ANALYZER_NUMBER_OBJECT_CONVERSION = YES_AGGRESSIVE;
				CLANG_CXX_LANGUAGE_STANDARD = "gnu++20";
				CLANG_ENABLE_MODULES = YES;
				CLANG_ENABLE_OBJC_ARC = YES;
				CLANG_ENABLE_OBJC_WEAK = YES;
				CLANG_WARN_BLOCK_CAPTURE_AUTORELEASING = YES;
				CLANG_WARN_BOOL_CONVERSION = YES;
				CLANG_WARN_COMMA = YES;
				CLANG_WARN_CONSTANT_CONVERSION = YES;
				CLANG_WARN_DEPRECATED_OBJC_IMPLEMENTATIONS = YES;
				CLANG_WARN_DIRECT_OBJC_ISA_USAGE = YES_ERROR;
				CLANG_WARN_DOCUMENTATION_COMMENTS = YES;
				CLANG_WARN_EMPTY_BODY = YES;
				CLANG_WARN_ENUM_CONVERSION = YES;
				CLANG_WARN_INFINITE_RECURSION = YES;
				CLANG_WARN_INT_CONVERSION = YES;
				CLANG_WARN_NON_LITERAL_NULL_CONVERSION = YES;
				CLANG_WARN_OBJC_IMPLICIT_RETAIN_SELF = YES;
				CLANG_WARN_OBJC_LITERAL_CONVERSION = YES;
				CLANG_WARN_OBJC_ROOT_CLASS = YES_ERROR;
				CLANG_WARN_QUOTED_INCLUDE_IN_FRAMEWORK_HEADER = YES;
				CLANG_WARN_RANGE_LOOP_ANALYSIS = YES;
				CLANG_WARN_STRICT_PROTOTYPES = YES;
				CLANG_WARN_SUSPICIOUS_MOVE = YES;
				CLANG_WARN_UNGUARDED_AVAILABILITY = YES_AGGRESSIVE;
				CLANG_WARN_UNREACHABLE_CODE = YES;
				CLANG_WARN__DUPLICATE_METHOD_MATCH = YES;
				COPY_PHASE_STRIP = NO;
				DEBUG_INFORMATION_FORMAT = dwarf;
				DEVELOPMENT_TEAM = B756454SZW;
				ENABLE_STRICT_OBJC_MSGSEND = YES;
				ENABLE_TESTABILITY = YES;
				ENABLE_USER_SCRIPT_SANDBOXING = YES;
				GCC_C_LANGUAGE_STANDARD = gnu17;
				GCC_DYNAMIC_NO_PIC = NO;
				GCC_NO_COMMON_BLOCKS = YES;
				GCC_OPTIMIZATION_LEVEL = 0;
				GCC_PREPROCESSOR_DEFINITIONS = (
					"DEBUG=1",
					"$(inherited)",
				);
				GCC_WARN_64_TO_32_BIT_CONVERSION = YES;
				GCC_WARN_ABOUT_RETURN_TYPE = YES_ERROR;
				GCC_WARN_UNDECLARED_SELECTOR = YES;
				GCC_WARN_UNINITIALIZED_AUTOS = YES_AGGRESSIVE;
				GCC_WARN_UNUSED_FUNCTION = YES;
				GCC_WARN_UNUSED_VARIABLE = YES;
				LOCALIZATION_PREFERS_STRING_CATALOGS = YES;
				MACOSX_DEPLOYMENT_TARGET = 26.5;
				MTL_ENABLE_DEBUG_INFO = INCLUDE_SOURCE;
				MTL_FAST_MATH = YES;
				ONLY_ACTIVE_ARCH = YES;
				SDKROOT = macosx;
				SWIFT_ACTIVE_COMPILATION_CONDITIONS = "DEBUG $(inherited)";
				SWIFT_OPTIMIZATION_LEVEL = "-Onone";
			};
			name = Debug;
		};
		239CC25B2FEE0DB80088830F /* Release */ = {
			isa = XCBuildConfiguration;
			buildSettings = {
				ALWAYS_SEARCH_USER_PATHS = NO;
				ASSETCATALOG_COMPILER_GENERATE_SWIFT_ASSET_SYMBOL_EXTENSIONS = YES;
				CLANG_ANALYZER_NONNULL = YES;
				CLANG_ANALYZER_NUMBER_OBJECT_CONVERSION = YES_AGGRESSIVE;
				CLANG_CXX_LANGUAGE_STANDARD = "gnu++20";
				CLANG_ENABLE_MODULES = YES;
				CLANG_ENABLE_OBJC_ARC = YES;
				CLANG_ENABLE_OBJC_WEAK = YES;
				CLANG_WARN_BLOCK_CAPTURE_AUTORELEASING = YES;
				CLANG_WARN_BOOL_CONVERSION = YES;
				CLANG_WARN_COMMA = YES;
				CLANG_WARN_CONSTANT_CONVERSION = YES;
				CLANG_WARN_DEPRECATED_OBJC_IMPLEMENTATIONS = YES;
				CLANG_WARN_DIRECT_OBJC_ISA_USAGE = YES_ERROR;
				CLANG_WARN_DOCUMENTATION_COMMENTS = YES;
				CLANG_WARN_EMPTY_BODY = YES;
				CLANG_WARN_ENUM_CONVERSION = YES;
				CLANG_WARN_INFINITE_RECURSION = YES;
				CLANG_WARN_INT_CONVERSION = YES;
				CLANG_WARN_NON_LITERAL_NULL_CONVERSION = YES;
				CLANG_WARN_OBJC_IMPLICIT_RETAIN_SELF = YES;
				CLANG_WARN_OBJC_LITERAL_CONVERSION = YES;
				CLANG_WARN_OBJC_ROOT_CLASS = YES_ERROR;
				CLANG_WARN_QUOTED_INCLUDE_IN_FRAMEWORK_HEADER = YES;
				CLANG_WARN_RANGE_LOOP_ANALYSIS = YES;
				CLANG_WARN_STRICT_PROTOTYPES = YES;
				CLANG_WARN_SUSPICIOUS_MOVE = YES;
				CLANG_WARN_UNGUARDED_AVAILABILITY = YES_AGGRESSIVE;
				CLANG_WARN_UNREACHABLE_CODE = YES;
				CLANG_WARN__DUPLICATE_METHOD_MATCH = YES;
				COPY_PHASE_STRIP = NO;
				DEBUG_INFORMATION_FORMAT = "dwarf-with-dsym";
				DEVELOPMENT_TEAM = B756454SZW;
				ENABLE_NS_ASSERTIONS = NO;
				ENABLE_STRICT_OBJC_MSGSEND = YES;
				ENABLE_USER_SCRIPT_SANDBOXING = YES;
				GCC_C_LANGUAGE_STANDARD = gnu17;
				GCC_NO_COMMON_BLOCKS = YES;
				GCC_WARN_64_TO_32_BIT_CONVERSION = YES;
				GCC_WARN_ABOUT_RETURN_TYPE = YES_ERROR;
				GCC_WARN_UNDECLARED_SELECTOR = YES;
				GCC_WARN_UNINITIALIZED_AUTOS = YES_AGGRESSIVE;
				GCC_WARN_UNUSED_FUNCTION = YES;
				GCC_WARN_UNUSED_VARIABLE = YES;
				LOCALIZATION_PREFERS_STRING_CATALOGS = YES;
				MACOSX_DEPLOYMENT_TARGET = 26.5;
				MTL_ENABLE_DEBUG_INFO = NO;
				MTL_FAST_MATH = YES;
				SDKROOT = macosx;
				SWIFT_COMPILATION_MODE = wholemodule;
			};
			name = Release;
		};
		239CC25D2FEE0DB80088830F /* Debug */ = {
			isa = XCBuildConfiguration;
			buildSettings = {
				ASSETCATALOG_COMPILER_APPICON_NAME = AppIcon;
				ASSETCATALOG_COMPILER_GLOBAL_ACCENT_COLOR_NAME = AccentColor;
				CODE_SIGN_STYLE = Automatic;
				COMBINE_HIDPI_IMAGES = YES;
				CURRENT_PROJECT_VERSION = 1;
				DEVELOPMENT_TEAM = B756454SZW;
				ENABLE_APP_SANDBOX = NO;
				ENABLE_HARDENED_RUNTIME = YES;
				ENABLE_PREVIEWS = YES;
				GENERATE_INFOPLIST_FILE = YES;
				INFOPLIST_KEY_NSHumanReadableCopyright = "";
				LD_RUNPATH_SEARCH_PATHS = (
					"$(inherited)",
					"@executable_path/../Frameworks",
				);
				MARKETING_VERSION = 1.0;
				PRODUCT_BUNDLE_IDENTIFIER = "dev.pauloricardo.brew-helper";
				PRODUCT_NAME = "$(TARGET_NAME)";
				REGISTER_APP_GROUPS = YES;
				STRING_CATALOG_GENERATE_SYMBOLS = YES;
				SWIFT_APPROACHABLE_CONCURRENCY = YES;
				SWIFT_DEFAULT_ACTOR_ISOLATION = MainActor;
				SWIFT_EMIT_LOC_STRINGS = YES;
				SWIFT_UPCOMING_FEATURE_MEMBER_IMPORT_VISIBILITY = YES;
				SWIFT_VERSION = 5.0;
			};
			name = Debug;
		};
		239CC25E2FEE0DB80088830F /* Release */ = {
			isa = XCBuildConfiguration;
			buildSettings = {
				ASSETCATALOG_COMPILER_APPICON_NAME = AppIcon;
				ASSETCATALOG_COMPILER_GLOBAL_ACCENT_COLOR_NAME = AccentColor;
				CODE_SIGN_STYLE = Automatic;
				COMBINE_HIDPI_IMAGES = YES;
				CURRENT_PROJECT_VERSION = 1;
				DEVELOPMENT_TEAM = B756454SZW;
				ENABLE_APP_SANDBOX = NO;
				ENABLE_HARDENED_RUNTIME = YES;
				ENABLE_PREVIEWS = YES;
				GENERATE_INFOPLIST_FILE = YES;
				INFOPLIST_KEY_NSHumanReadableCopyright = "";
				LD_RUNPATH_SEARCH_PATHS = (
					"$(inherited)",
					"@executable_path/../Frameworks",
				);
				MARKETING_VERSION = 1.0;
				PRODUCT_BUNDLE_IDENTIFIER = "dev.pauloricardo.brew-helper";
				PRODUCT_NAME = "$(TARGET_NAME)";
				REGISTER_APP_GROUPS = YES;
				STRING_CATALOG_GENERATE_SYMBOLS = YES;
				SWIFT_APPROACHABLE_CONCURRENCY = YES;
				SWIFT_DEFAULT_ACTOR_ISOLATION = MainActor;
				SWIFT_EMIT_LOC_STRINGS = YES;
				SWIFT_UPCOMING_FEATURE_MEMBER_IMPORT_VISIBILITY = YES;
				SWIFT_VERSION = 5.0;
			};
			name = Release;
		};
		239CC2762FEE13F80088830F /* Debug */ = {
			isa = XCBuildConfiguration;
			buildSettings = {
				BUNDLE_LOADER = "$(TEST_HOST)";
				CODE_SIGN_STYLE = Automatic;
				CURRENT_PROJECT_VERSION = 1;
				DEVELOPMENT_TEAM = B756454SZW;
				GENERATE_INFOPLIST_FILE = YES;
				MARKETING_VERSION = 1.0;
				PRODUCT_BUNDLE_IDENTIFIER = "dev.pauloricardo.brew-helperTests";
				PRODUCT_NAME = "$(TARGET_NAME)";
				STRING_CATALOG_GENERATE_SYMBOLS = NO;
				SWIFT_APPROACHABLE_CONCURRENCY = YES;
				SWIFT_EMIT_LOC_STRINGS = NO;
				SWIFT_UPCOMING_FEATURE_MEMBER_IMPORT_VISIBILITY = YES;
				SWIFT_VERSION = 5.0;
				TEST_HOST = "$(BUILT_PRODUCTS_DIR)/brew-helper.app/$(BUNDLE_EXECUTABLE_FOLDER_PATH)/brew-helper";
			};
			name = Debug;
		};
		239CC2772FEE13F80088830F /* Release */ = {
			isa = XCBuildConfiguration;
			buildSettings = {
				BUNDLE_LOADER = "$(TEST_HOST)";
				CODE_SIGN_STYLE = Automatic;
				CURRENT_PROJECT_VERSION = 1;
				DEVELOPMENT_TEAM = B756454SZW;
				GENERATE_INFOPLIST_FILE = YES;
				MARKETING_VERSION = 1.0;
				PRODUCT_BUNDLE_IDENTIFIER = "dev.pauloricardo.brew-helperTests";
				PRODUCT_NAME = "$(TARGET_NAME)";
				STRING_CATALOG_GENERATE_SYMBOLS = NO;
				SWIFT_APPROACHABLE_CONCURRENCY = YES;
				SWIFT_EMIT_LOC_STRINGS = NO;
				SWIFT_UPCOMING_FEATURE_MEMBER_IMPORT_VISIBILITY = YES;
				SWIFT_VERSION = 5.0;
				TEST_HOST = "$(BUILT_PRODUCTS_DIR)/brew-helper.app/$(BUNDLE_EXECUTABLE_FOLDER_PATH)/brew-helper";
			};
			name = Release;
		};
		239CC2852FEE140B0088830F /* Debug */ = {
			isa = XCBuildConfiguration;
			buildSettings = {
				CODE_SIGN_STYLE = Automatic;
				CURRENT_PROJECT_VERSION = 1;
				DEVELOPMENT_TEAM = B756454SZW;
				GENERATE_INFOPLIST_FILE = YES;
				MARKETING_VERSION = 1.0;
				PRODUCT_BUNDLE_IDENTIFIER = "dev.pauloricardo.brew-helperUITests";
				PRODUCT_NAME = "$(TARGET_NAME)";
				STRING_CATALOG_GENERATE_SYMBOLS = NO;
				SWIFT_APPROACHABLE_CONCURRENCY = YES;
				SWIFT_EMIT_LOC_STRINGS = NO;
				SWIFT_UPCOMING_FEATURE_MEMBER_IMPORT_VISIBILITY = YES;
				SWIFT_VERSION = 5.0;
				TEST_TARGET_NAME = "brew-helper";
			};
			name = Debug;
		};
		239CC2862FEE140B0088830F /* Release */ = {
			isa = XCBuildConfiguration;
			buildSettings = {
				CODE_SIGN_STYLE = Automatic;
				CURRENT_PROJECT_VERSION = 1;
				DEVELOPMENT_TEAM = B756454SZW;
				GENERATE_INFOPLIST_FILE = YES;
				MARKETING_VERSION = 1.0;
				PRODUCT_BUNDLE_IDENTIFIER = "dev.pauloricardo.brew-helperUITests";
				PRODUCT_NAME = "$(TARGET_NAME)";
				STRING_CATALOG_GENERATE_SYMBOLS = NO;
				SWIFT_APPROACHABLE_CONCURRENCY = YES;
				SWIFT_EMIT_LOC_STRINGS = NO;
				SWIFT_UPCOMING_FEATURE_MEMBER_IMPORT_VISIBILITY = YES;
				SWIFT_VERSION = 5.0;
				TEST_TARGET_NAME = "brew-helper";
			};
			name = Release;
		};
/* End XCBuildConfiguration section */

/* Begin XCConfigurationList section */
		239CC24C2FEE0DB70088830F /* Build configuration list for PBXProject "brew-helper" */ = {
			isa = XCConfigurationList;
			buildConfigurations = (
				239CC25A2FEE0DB80088830F /* Debug */,
				239CC25B2FEE0DB80088830F /* Release */,
			);
			defaultConfigurationIsVisible = 0;
			defaultConfigurationName = Release;
		};
		239CC25C2FEE0DB80088830F /* Build configuration list for PBXNativeTarget "brew-helper" */ = {
			isa = XCConfigurationList;
			buildConfigurations = (
				239CC25D2FEE0DB80088830F /* Debug */,
				239CC25E2FEE0DB80088830F /* Release */,
			);
			defaultConfigurationIsVisible = 0;
			defaultConfigurationName = Release;
		};
		239CC2752FEE13F80088830F /* Build configuration list for PBXNativeTarget "brew-helperTests" */ = {
			isa = XCConfigurationList;
			buildConfigurations = (
				239CC2762FEE13F80088830F /* Debug */,
				239CC2772FEE13F80088830F /* Release */,
			);
			defaultConfigurationIsVisible = 0;
			defaultConfigurationName = Release;
		};
		239CC2842FEE140B0088830F /* Build configuration list for PBXNativeTarget "brew-helperUITests" */ = {
			isa = XCConfigurationList;
			buildConfigurations = (
				239CC2852FEE140B0088830F /* Debug */,
				239CC2862FEE140B0088830F /* Release */,
			);
			defaultConfigurationIsVisible = 0;
			defaultConfigurationName = Release;
		};
/* End XCConfigurationList section */
	};
	rootObject = 239CC2492FEE0DB70088830F /* Project object */;
}
